
Microsoft Visual Studio Solution File, Format Version 12.00
# Visual Studio Version 17
VisualStudioVersion = 17.7.34024.191
MinimumVisualStudioVersion = 10.0.40219.1
Project("{FAE04EC0-301F-11D3-BF4B-00C04F79EFBC}") = "PI_ANOTHER_TSK", "PI_ANOTHER_TSK\PI_ANOTHER_TSK.csproj", "{6FA8011F-AD38-4A8C-8AEB-F948200E6395}"
EndProject
Global
	GlobalSection(SolutionConfigurationPlatforms) = preSolution
		Debug|Any CPU = Debug|Any CPU
		Release|Any CPU = Release|Any CPU
	EndGlobalSection
	GlobalSection(ProjectConfigurationPlatforms) = postSolution
		{6FA8011F-AD38-4A8C-8AEB-F948200E6395}.Debug|Any CPU.ActiveCfg = Debug|Any CPU
		{6FA8011F-AD38-4A8C-8AEB-F948200E6395}.Debug|Any CPU.Build.0 = Debug|Any CPU
		{6FA8011F-AD38-4A8C-8AEB-F948200E6395}.Release|Any CPU.ActiveCfg = Release|Any CPU
		{6FA8011F-AD38-4A8C-8AEB-F948200E6395}.Release|Any CPU.Build.0 = Release|Any CPU
	EndGlobalSection
	GlobalSection(SolutionProperties) = preSolution
		HideSolutionNode = FALSE
	EndGlobalSection
	GlobalSection(ExtensibilityGlobals) = postSolution
		SolutionGuid = {878ACBE3-E11F-437F-A8D6-0A6B6FF53100}
	EndGlobalSection
EndGlobal
